
Microsoft Visual Studio Solution File, Format Version 12.00
# Visual Studio Version 17
VisualStudioVersion = 17.5.002.0
MinimumVisualStudioVersion = 10.0.40219.1
Project("{9A19103F-16F7-4668-BE54-9A1E7A4F7556}") = "new_project0", "new_project0.csproj", "{EC22FC38-3EED-4840-9741-B47A2CD77B3E}"
EndProject
Global
	GlobalSection(SolutionConfigurationPlatforms) = preSolution
		Debug|Any CPU = Debug|Any CPU
		Release|Any CPU = Release|Any CPU
	EndGlobalSection
	GlobalSection(ProjectConfigurationPlatforms) = postSolution
		{EC22FC38-3EED-4840-9741-B47A2CD77B3E}.Debug|Any CPU.ActiveCfg = Debug|Any CPU
		{EC22FC38-3EED-4840-9741-B47A2CD77B3E}.Debug|Any CPU.Build.0 = Debug|Any CPU
		{EC22FC38-3EED-4840-9741-B47A2CD77B3E}.Release|Any CPU.ActiveCfg = Release|Any CPU
		{EC22FC38-3EED-4840-9741-B47A2CD77B3E}.Release|Any CPU.Build.0 = Release|Any CPU
	EndGlobalSection
	GlobalSection(SolutionProperties) = preSolution
		HideSolutionNode = FALSE
	EndGlobalSection
	GlobalSection(ExtensibilityGlobals) = postSolution
		SolutionGuid = {E3D4A262-AE3F-4232-8498-0BA0B3AF7322}
	EndGlobalSection
EndGlobal
